// !$*UTF8*$!
{
	archiveVersion = 1;
	classes = {
	};
	objectVersion = 48;
	objects = {

/* Begin PBXBuildFile section */
		57105FD31F989C0A00A3DCE4 /* TableCellFactory.swift in Sources */ = {isa = PBXBuildFile; fileRef = 57105FD21F989C0A00A3DCE4 /* TableCellFactory.swift */; };
		57105FD51F989C2400A3DCE4 /* BaseTableViewCell.swift in Sources */ = {isa = PBXBuildFile; fileRef = 57105FD41F989C2400A3DCE4 /* BaseTableViewCell.swift */; };
		57105FD71F989C3000A3DCE4 /* ViewModel.swift in Sources */ = {isa = PBXBuildFile; fileRef = 57105FD61F989C3000A3DCE4 /* ViewModel.swift */; };
		57105FD91F989CE200A3DCE4 /* UITableViewExtension.swift in Sources */ = {isa = PBXBuildFile; fileRef = 57105FD81F989CE200A3DCE4 /* UITableViewExtension.swift */; };
		57105FDB1F989D0A00A3DCE4 /* UITableViewCell.swift in Sources */ = {isa = PBXBuildFile; fileRef = 57105FDA1F989D0A00A3DCE4 /* UITableViewCell.swift */; };
		57266CDD1F97F62200757F32 /* NewsDetailViewController.swift in Sources */ = {isa = PBXBuildFile; fileRef = 57266CDC1F97F62200757F32 /* NewsDetailViewController.swift */; };
		57266CE21F97F6DE00757F32 /* NewsDetailViewProtocol.swift in Sources */ = {isa = PBXBuildFile; fileRef = 57266CE11F97F6DE00757F32 /* NewsDetailViewProtocol.swift */; };
		57266CE51F97F6F700757F32 /* NewsDetailPresenter.swift in Sources */ = {isa = PBXBuildFile; fileRef = 57266CE41F97F6F700757F32 /* NewsDetailPresenter.swift */; };
		57266CE71F97F6FF00757F32 /* NewsDetailPresenterProtocol.swift in Sources */ = {isa = PBXBuildFile; fileRef = 57266CE61F97F6FF00757F32 /* NewsDetailPresenterProtocol.swift */; };
		57266CEA1F97F71200757F32 /* NewsDetailInteractor.swift in Sources */ = {isa = PBXBuildFile; fileRef = 57266CE91F97F71200757F32 /* NewsDetailInteractor.swift */; };
		57266CEC1F97F71900757F32 /* NewsDetailInteractorProtocol.swift in Sources */ = {isa = PBXBuildFile; fileRef = 57266CEB1F97F71900757F32 /* NewsDetailInteractorProtocol.swift */; };
		57266CEF1F97F72D00757F32 /* NewsDetailEntity.swift in Sources */ = {isa = PBXBuildFile; fileRef = 57266CEE1F97F72D00757F32 /* NewsDetailEntity.swift */; };
		57266CF21F97F74500757F32 /* NewsDetailRouting.swift in Sources */ = {isa = PBXBuildFile; fileRef = 57266CF11F97F74500757F32 /* NewsDetailRouting.swift */; };
		57266CF41F97F74E00757F32 /* NewsDetailRoutingProtocol.swift in Sources */ = {isa = PBXBuildFile; fileRef = 57266CF31F97F74E00757F32 /* NewsDetailRoutingProtocol.swift */; };
		572AB22D1F976E6D0081D999 /* NewsResults.swift in Sources */ = {isa = PBXBuildFile; fileRef = 572AB22C1F976E6D0081D999 /* NewsResults.swift */; };
		572AB2361F9775610081D999 /* NewsTableViewCell.swift in Sources */ = {isa = PBXBuildFile; fileRef = 572AB2341F9775610081D999 /* NewsTableViewCell.swift */; };
		572AB2371F9775610081D999 /* NewsTableViewCell.xib in Resources */ = {isa = PBXBuildFile; fileRef = 572AB2351F9775610081D999 /* NewsTableViewCell.xib */; };
		578A6D181F974DBE00F6FC16 /* Localized.strings in Resources */ = {isa = PBXBuildFile; fileRef = 578A6D1A1F974DBE00F6FC16 /* Localized.strings */; };
		578A6D2A1F975EA100F6FC16 /* SearchNewsResultsInteractor.swift in Sources */ = {isa = PBXBuildFile; fileRef = 578A6D231F975EA100F6FC16 /* SearchNewsResultsInteractor.swift */; };
		578A6D2B1F975EA100F6FC16 /* SearchNewsResultsInteractorProtocol.swift in Sources */ = {isa = PBXBuildFile; fileRef = 578A6D241F975EA100F6FC16 /* SearchNewsResultsInteractorProtocol.swift */; };
		578A6D2C1F975EA100F6FC16 /* SearchNewsResults.swift in Sources */ = {isa = PBXBuildFile; fileRef = 578A6D251F975EA100F6FC16 /* SearchNewsResults.swift */; };
		578A6D2D1F975EA100F6FC16 /* SearchNewsResultsPresenter.swift in Sources */ = {isa = PBXBuildFile; fileRef = 578A6D261F975EA100F6FC16 /* SearchNewsResultsPresenter.swift */; };
		578A6D2E1F975EA100F6FC16 /* SearchNewsResultsPresenterProtocol.swift in Sources */ = {isa = PBXBuildFile; fileRef = 578A6D271F975EA100F6FC16 /* SearchNewsResultsPresenterProtocol.swift */; };
		578A6D2F1F975EA100F6FC16 /* SearchNewsResultsRouting.swift in Sources */ = {isa = PBXBuildFile; fileRef = 578A6D281F975EA100F6FC16 /* SearchNewsResultsRouting.swift */; };
		578A6D301F975EA100F6FC16 /* SearchNewsResultsRoutingProtocol.swift in Sources */ = {isa = PBXBuildFile; fileRef = 578A6D291F975EA100F6FC16 /* SearchNewsResultsRoutingProtocol.swift */; };
		578A6D371F975EE600F6FC16 /* SearchNewsResultsViewController.swift in Sources */ = {isa = PBXBuildFile; fileRef = 578A6D361F975EE600F6FC16 /* SearchNewsResultsViewController.swift */; };
		578A6D391F975EF100F6FC16 /* SearchNewsResultsViewProtocol.swift in Sources */ = {isa = PBXBuildFile; fileRef = 578A6D381F975EF100F6FC16 /* SearchNewsResultsViewProtocol.swift */; };
		578A6D3C1F9761E100F6FC16 /* APIClient.swift in Sources */ = {isa = PBXBuildFile; fileRef = 578A6D3B1F9761E100F6FC16 /* APIClient.swift */; };
		57F1F6A71F97FE61008CB3D0 /* Alamofire.framework in Frameworks */ = {isa = PBXBuildFile; fileRef = 57F1F6A61F97FE61008CB3D0 /* Alamofire.framework */; };
		57F1F6A81F97FE61008CB3D0 /* Alamofire.framework in Embed Frameworks */ = {isa = PBXBuildFile; fileRef = 57F1F6A61F97FE61008CB3D0 /* Alamofire.framework */; settings = {ATTRIBUTES = (CodeSignOnCopy, RemoveHeadersOnCopy, ); }; };
		57F1F6AA1F97FE67008CB3D0 /* AlamofireObjectMapper.framework in Frameworks */ = {isa = PBXBuildFile; fileRef = 57F1F6A91F97FE67008CB3D0 /* AlamofireObjectMapper.framework */; };
		57F1F6AB1F97FE67008CB3D0 /* AlamofireObjectMapper.framework in Embed Frameworks */ = {isa = PBXBuildFile; fileRef = 57F1F6A91F97FE67008CB3D0 /* AlamofireObjectMapper.framework */; settings = {ATTRIBUTES = (CodeSignOnCopy, RemoveHeadersOnCopy, ); }; };
		57F1F6AD1F97FE6D008CB3D0 /* ObjectMapper.framework in Frameworks */ = {isa = PBXBuildFile; fileRef = 57F1F6AC1F97FE6D008CB3D0 /* ObjectMapper.framework */; };
		57F1F6AE1F97FE6D008CB3D0 /* ObjectMapper.framework in Embed Frameworks */ = {isa = PBXBuildFile; fileRef = 57F1F6AC1F97FE6D008CB3D0 /* ObjectMapper.framework */; settings = {ATTRIBUTES = (CodeSignOnCopy, RemoveHeadersOnCopy, ); }; };
		57FB1DDF1F973D9500472FC7 /* AppDelegate.swift in Sources */ = {isa = PBXBuildFile; fileRef = 57FB1DDE1F973D9500472FC7 /* AppDelegate.swift */; };
		57FB1DE41F973D9500472FC7 /* Main.storyboard in Resources */ = {isa = PBXBuildFile; fileRef = 57FB1DE21F973D9500472FC7 /* Main.storyboard */; };
		57FB1DE61F973D9500472FC7 /* Assets.xcassets in Resources */ = {isa = PBXBuildFile; fileRef = 57FB1DE51F973D9500472FC7 /* Assets.xcassets */; };
		57FB1DE91F973D9500472FC7 /* LaunchScreen.storyboard in Resources */ = {isa = PBXBuildFile; fileRef = 57FB1DE71F973D9500472FC7 /* LaunchScreen.storyboard */; };
		57FB1DF41F973D9500472FC7 /* Corpora360Tests.swift in Sources */ = {isa = PBXBuildFile; fileRef = 57FB1DF31F973D9500472FC7 /* Corpora360Tests.swift */; };
		57FB1E051F97463500472FC7 /* SearchNewsInteractor.swift in Sources */ = {isa = PBXBuildFile; fileRef = 57FB1DFE1F97463500472FC7 /* SearchNewsInteractor.swift */; };
		57FB1E061F97463500472FC7 /* SearchNewsInteractorProtocol.swift in Sources */ = {isa = PBXBuildFile; fileRef = 57FB1DFF1F97463500472FC7 /* SearchNewsInteractorProtocol.swift */; };
		57FB1E071F97463500472FC7 /* SearchNewsModels.swift in Sources */ = {isa = PBXBuildFile; fileRef = 57FB1E001F97463500472FC7 /* SearchNewsModels.swift */; };
		57FB1E081F97463500472FC7 /* SearchNewsPresenter.swift in Sources */ = {isa = PBXBuildFile; fileRef = 57FB1E011F97463500472FC7 /* SearchNewsPresenter.swift */; };
		57FB1E091F97463500472FC7 /* SearchNewsPresenterProtocol.swift in Sources */ = {isa = PBXBuildFile; fileRef = 57FB1E021F97463500472FC7 /* SearchNewsPresenterProtocol.swift */; };
		57FB1E0A1F97463500472FC7 /* SearchNewsRouting.swift in Sources */ = {isa = PBXBuildFile; fileRef = 57FB1E031F97463500472FC7 /* SearchNewsRouting.swift */; };
		57FB1E0B1F97463500472FC7 /* SearchNewsRoutingProtocol.swift in Sources */ = {isa = PBXBuildFile; fileRef = 57FB1E041F97463500472FC7 /* SearchNewsRoutingProtocol.swift */; };
		57FB1E0E1F97467E00472FC7 /* SearchNewsViewController.swift in Sources */ = {isa = PBXBuildFile; fileRef = 57FB1E0D1F97467E00472FC7 /* SearchNewsViewController.swift */; };
		57FB1E101F97468A00472FC7 /* SearchNewsViewProtocol.swift in Sources */ = {isa = PBXBuildFile; fileRef = 57FB1E0F1F97468A00472FC7 /* SearchNewsViewProtocol.swift */; };
/* End PBXBuildFile section */

/* Begin PBXContainerItemProxy section */
		57FB1DF01F973D9500472FC7 /* PBXContainerItemProxy */ = {
			isa = PBXContainerItemProxy;
			containerPortal = 57FB1DD31F973D9500472FC7 /* Project object */;
			proxyType = 1;
			remoteGlobalIDString = 57FB1DDA1F973D9500472FC7;
			remoteInfo = Copora360;
		};
/* End PBXContainerItemProxy section */

/* Begin PBXCopyFilesBuildPhase section */
		57BF75CC1F97F4BC004EB791 /* Embed Frameworks */ = {
			isa = PBXCopyFilesBuildPhase;
			buildActionMask = 2147483647;
			dstPath = "";
			dstSubfolderSpec = 10;
			files = (
				57F1F6AE1F97FE6D008CB3D0 /* ObjectMapper.framework in Embed Frameworks */,
				57F1F6A81F97FE61008CB3D0 /* Alamofire.framework in Embed Frameworks */,
				57F1F6AB1F97FE67008CB3D0 /* AlamofireObjectMapper.framework in Embed Frameworks */,
			);
			name = "Embed Frameworks";
			runOnlyForDeploymentPostprocessing = 0;
		};
/* End PBXCopyFilesBuildPhase section */

/* Begin PBXFileReference section */
		57105FD21F989C0A00A3DCE4 /* TableCellFactory.swift */ = {isa = PBXFileReference; lastKnownFileType = sourcecode.swift; path = TableCellFactory.swift; sourceTree = "<group>"; };
		57105FD41F989C2400A3DCE4 /* BaseTableViewCell.swift */ = {isa = PBXFileReference; lastKnownFileType = sourcecode.swift; path = BaseTableViewCell.swift; sourceTree = "<group>"; };
		57105FD61F989C3000A3DCE4 /* ViewModel.swift */ = {isa = PBXFileReference; lastKnownFileType = sourcecode.swift; path = ViewModel.swift; sourceTree = "<group>"; };
		57105FD81F989CE200A3DCE4 /* UITableViewExtension.swift */ = {isa = PBXFileReference; lastKnownFileType = sourcecode.swift; path = UITableViewExtension.swift; sourceTree = "<group>"; };
		57105FDA1F989D0A00A3DCE4 /* UITableViewCell.swift */ = {isa = PBXFileReference; lastKnownFileType = sourcecode.swift; path = UITableViewCell.swift; sourceTree = "<group>"; };
		57266CDC1F97F62200757F32 /* NewsDetailViewController.swift */ = {isa = PBXFileReference; lastKnownFileType = sourcecode.swift; path = NewsDetailViewController.swift; sourceTree = "<group>"; };
		57266CE11F97F6DE00757F32 /* NewsDetailViewProtocol.swift */ = {isa = PBXFileReference; lastKnownFileType = sourcecode.swift; path = NewsDetailViewProtocol.swift; sourceTree = "<group>"; };
		57266CE41F97F6F700757F32 /* NewsDetailPresenter.swift */ = {isa = PBXFileReference; lastKnownFileType = sourcecode.swift; path = NewsDetailPresenter.swift; sourceTree = "<group>"; };
		57266CE61F97F6FF00757F32 /* NewsDetailPresenterProtocol.swift */ = {isa = PBXFileReference; lastKnownFileType = sourcecode.swift; path = NewsDetailPresenterProtocol.swift; sourceTree = "<group>"; };
		57266CE91F97F71200757F32 /* NewsDetailInteractor.swift */ = {isa = PBXFileReference; lastKnownFileType = sourcecode.swift; path = NewsDetailInteractor.swift; sourceTree = "<group>"; };
		57266CEB1F97F71900757F32 /* NewsDetailInteractorProtocol.swift */ = {isa = PBXFileReference; lastKnownFileType = sourcecode.swift; path = NewsDetailInteractorProtocol.swift; sourceTree = "<group>"; };
		57266CEE1F97F72D00757F32 /* NewsDetailEntity.swift */ = {isa = PBXFileReference; lastKnownFileType = sourcecode.swift; path = NewsDetailEntity.swift; sourceTree = "<group>"; };
		57266CF11F97F74500757F32 /* NewsDetailRouting.swift */ = {isa = PBXFileReference; lastKnownFileType = sourcecode.swift; path = NewsDetailRouting.swift; sourceTree = "<group>"; };
		57266CF31F97F74E00757F32 /* NewsDetailRoutingProtocol.swift */ = {isa = PBXFileReference; lastKnownFileType = sourcecode.swift; path = NewsDetailRoutingProtocol.swift; sourceTree = "<group>"; };
		572AB22C1F976E6D0081D999 /* NewsResults.swift */ = {isa = PBXFileReference; lastKnownFileType = sourcecode.swift; path = NewsResults.swift; sourceTree = "<group>"; };
		572AB2341F9775610081D999 /* NewsTableViewCell.swift */ = {isa = PBXFileReference; lastKnownFileType = sourcecode.swift; path = NewsTableViewCell.swift; sourceTree = "<group>"; };
		572AB2351F9775610081D999 /* NewsTableViewCell.xib */ = {isa = PBXFileReference; lastKnownFileType = file.xib; path = NewsTableViewCell.xib; sourceTree = "<group>"; };
		578A6D191F974DBE00F6FC16 /* en */ = {isa = PBXFileReference; lastKnownFileType = text.plist.strings; name = en; path = en.lproj/Localized.strings; sourceTree = "<group>"; };
		578A6D1C1F974E3B00F6FC16 /* Base */ = {isa = PBXFileReference; lastKnownFileType = text.plist.strings; name = Base; path = Base.lproj/Localized.strings; sourceTree = "<group>"; };
		578A6D231F975EA100F6FC16 /* SearchNewsResultsInteractor.swift */ = {isa = PBXFileReference; lastKnownFileType = sourcecode.swift; path = SearchNewsResultsInteractor.swift; sourceTree = "<group>"; };
		578A6D241F975EA100F6FC16 /* SearchNewsResultsInteractorProtocol.swift */ = {isa = PBXFileReference; lastKnownFileType = sourcecode.swift; path = SearchNewsResultsInteractorProtocol.swift; sourceTree = "<group>"; };
		578A6D251F975EA100F6FC16 /* SearchNewsResults.swift */ = {isa = PBXFileReference; lastKnownFileType = sourcecode.swift; path = SearchNewsResults.swift; sourceTree = "<group>"; };
		578A6D261F975EA100F6FC16 /* SearchNewsResultsPresenter.swift */ = {isa = PBXFileReference; lastKnownFileType = sourcecode.swift; path = SearchNewsResultsPresenter.swift; sourceTree = "<group>"; };
		578A6D271F975EA100F6FC16 /* SearchNewsResultsPresenterProtocol.swift */ = {isa = PBXFileReference; lastKnownFileType = sourcecode.swift; path = SearchNewsResultsPresenterProtocol.swift; sourceTree = "<group>"; };
		578A6D281F975EA100F6FC16 /* SearchNewsResultsRouting.swift */ = {isa = PBXFileReference; lastKnownFileType = sourcecode.swift; path = SearchNewsResultsRouting.swift; sourceTree = "<group>"; };
		578A6D291F975EA100F6FC16 /* SearchNewsResultsRoutingProtocol.swift */ = {isa = PBXFileReference; lastKnownFileType = sourcecode.swift; path = SearchNewsResultsRoutingProtocol.swift; sourceTree = "<group>"; };
		578A6D361F975EE600F6FC16 /* SearchNewsResultsViewController.swift */ = {isa = PBXFileReference; lastKnownFileType = sourcecode.swift; path = SearchNewsResultsViewController.swift; sourceTree = "<group>"; };
		578A6D381F975EF100F6FC16 /* SearchNewsResultsViewProtocol.swift */ = {isa = PBXFileReference; lastKnownFileType = sourcecode.swift; path = SearchNewsResultsViewProtocol.swift; sourceTree = "<group>"; };
		578A6D3B1F9761E100F6FC16 /* APIClient.swift */ = {isa = PBXFileReference; lastKnownFileType = sourcecode.swift; path = APIClient.swift; sourceTree = "<group>"; };
		57F1F6A61F97FE61008CB3D0 /* Alamofire.framework */ = {isa = PBXFileReference; lastKnownFileType = wrapper.framework; name = Alamofire.framework; path = Carthage/Build/iOS/Alamofire.framework; sourceTree = "<group>"; };
		57F1F6A91F97FE67008CB3D0 /* AlamofireObjectMapper.framework */ = {isa = PBXFileReference; lastKnownFileType = wrapper.framework; name = AlamofireObjectMapper.framework; path = Carthage/Build/iOS/AlamofireObjectMapper.framework; sourceTree = "<group>"; };
		57F1F6AC1F97FE6D008CB3D0 /* ObjectMapper.framework */ = {isa = PBXFileReference; lastKnownFileType = wrapper.framework; name = ObjectMapper.framework; path = Carthage/Build/iOS/ObjectMapper.framework; sourceTree = "<group>"; };
		57FB1DDB1F973D9500472FC7 /* Corpora360.app */ = {isa = PBXFileReference; explicitFileType = wrapper.application; includeInIndex = 0; path = Corpora360.app; sourceTree = BUILT_PRODUCTS_DIR; };
		57FB1DDE1F973D9500472FC7 /* AppDelegate.swift */ = {isa = PBXFileReference; lastKnownFileType = sourcecode.swift; path = AppDelegate.swift; sourceTree = "<group>"; };
		57FB1DE31F973D9500472FC7 /* Base */ = {isa = PBXFileReference; lastKnownFileType = file.storyboard; name = Base; path = Base.lproj/Main.storyboard; sourceTree = "<group>"; };
		57FB1DE51F973D9500472FC7 /* Assets.xcassets */ = {isa = PBXFileReference; lastKnownFileType = folder.assetcatalog; path = Assets.xcassets; sourceTree = "<group>"; };
		57FB1DE81F973D9500472FC7 /* Base */ = {isa = PBXFileReference; lastKnownFileType = file.storyboard; name = Base; path = Base.lproj/LaunchScreen.storyboard; sourceTree = "<group>"; };
		57FB1DEA1F973D9500472FC7 /* Info.plist */ = {isa = PBXFileReference; lastKnownFileType = text.plist.xml; path = Info.plist; sourceTree = "<group>"; };
		57FB1DEF1F973D9500472FC7 /* Corpora360Tests.xctest */ = {isa = PBXFileReference; explicitFileType = wrapper.cfbundle; includeInIndex = 0; path = Corpora360Tests.xctest; sourceTree = BUILT_PRODUCTS_DIR; };
		57FB1DF31F973D9500472FC7 /* Corpora360Tests.swift */ = {isa = PBXFileReference; lastKnownFileType = sourcecode.swift; path = Corpora360Tests.swift; sourceTree = "<group>"; };
		57FB1DF51F973D9500472FC7 /* Info.plist */ = {isa = PBXFileReference; lastKnownFileType = text.plist.xml; path = Info.plist; sourceTree = "<group>"; };
		57FB1DFE1F97463500472FC7 /* SearchNewsInteractor.swift */ = {isa = PBXFileReference; lastKnownFileType = sourcecode.swift; path = SearchNewsInteractor.swift; sourceTree = "<group>"; };
		57FB1DFF1F97463500472FC7 /* SearchNewsInteractorProtocol.swift */ = {isa = PBXFileReference; lastKnownFileType = sourcecode.swift; path = SearchNewsInteractorProtocol.swift; sourceTree = "<group>"; };
		57FB1E001F97463500472FC7 /* SearchNewsModels.swift */ = {isa = PBXFileReference; lastKnownFileType = sourcecode.swift; path = SearchNewsModels.swift; sourceTree = "<group>"; };
		57FB1E011F97463500472FC7 /* SearchNewsPresenter.swift */ = {isa = PBXFileReference; lastKnownFileType = sourcecode.swift; path = SearchNewsPresenter.swift; sourceTree = "<group>"; };
		57FB1E021F97463500472FC7 /* SearchNewsPresenterProtocol.swift */ = {isa = PBXFileReference; lastKnownFileType = sourcecode.swift; path = SearchNewsPresenterProtocol.swift; sourceTree = "<group>"; };
		57FB1E031F97463500472FC7 /* SearchNewsRouting.swift */ = {isa = PBXFileReference; lastKnownFileType = sourcecode.swift; path = SearchNewsRouting.swift; sourceTree = "<group>"; };
		57FB1E041F97463500472FC7 /* SearchNewsRoutingProtocol.swift */ = {isa = PBXFileReference; lastKnownFileType = sourcecode.swift; path = SearchNewsRoutingProtocol.swift; sourceTree = "<group>"; };
		57FB1E0D1F97467E00472FC7 /* SearchNewsViewController.swift */ = {isa = PBXFileReference; lastKnownFileType = sourcecode.swift; path = SearchNewsViewController.swift; sourceTree = "<group>"; };
		57FB1E0F1F97468A00472FC7 /* SearchNewsViewProtocol.swift */ = {isa = PBXFileReference; lastKnownFileType = sourcecode.swift; path = SearchNewsViewProtocol.swift; sourceTree = "<group>"; };
/* End PBXFileReference section */

/* Begin PBXFrameworksBuildPhase section */
		57FB1DD81F973D9500472FC7 /* Frameworks */ = {
			isa = PBXFrameworksBuildPhase;
			buildActionMask = 2147483647;
			files = (
				57F1F6AD1F97FE6D008CB3D0 /* ObjectMapper.framework in Frameworks */,
				57F1F6A71F97FE61008CB3D0 /* Alamofire.framework in Frameworks */,
				57F1F6AA1F97FE67008CB3D0 /* AlamofireObjectMapper.framework in Frameworks */,
			);
			runOnlyForDeploymentPostprocessing = 0;
		};
		57FB1DEC1F973D9500472FC7 /* Frameworks */ = {
			isa = PBXFrameworksBuildPhase;
			buildActionMask = 2147483647;
			files = (
			);
			runOnlyForDeploymentPostprocessing = 0;
		};
/* End PBXFrameworksBuildPhase section */

/* Begin PBXGroup section */
		57105FDC1F989D1C00A3DCE4 /* Extensions */ = {
			isa = PBXGroup;
			children = (
				57105FD81F989CE200A3DCE4 /* UITableViewExtension.swift */,
				57105FDA1F989D0A00A3DCE4 /* UITableViewCell.swift */,
			);
			path = Extensions;
			sourceTree = "<group>";
		};
		57105FDD1F989E7300A3DCE4 /* FactoryCell */ = {
			isa = PBXGroup;
			children = (
				57105FD21F989C0A00A3DCE4 /* TableCellFactory.swift */,
				57105FD41F989C2400A3DCE4 /* BaseTableViewCell.swift */,
			);
			path = FactoryCell;
			sourceTree = "<group>";
		};
		57105FDE1F989E7C00A3DCE4 /* ViewModel */ = {
			isa = PBXGroup;
			children = (
				57105FD61F989C3000A3DCE4 /* ViewModel.swift */,
			);
			path = ViewModel;
			sourceTree = "<group>";
		};
		57266CDE1F97F62700757F32 /* NewDetail */ = {
			isa = PBXGroup;
			children = (
				57266CE31F97F6E300757F32 /* View */,
				57266CED1F97F71D00757F32 /* Interactor */,
				57266CE81F97F70200757F32 /* Presenter */,
				57266CF01F97F73000757F32 /* Entity */,
				57266CEE1F97F72D00757F32 /* NewsDetailEntity.swift */,
				57266CF51F97F75100757F32 /* Routing */,
				57266CF11F97F74500757F32 /* NewsDetailRouting.swift */,
				57266CF31F97F74E00757F32 /* NewsDetailRoutingProtocol.swift */,
			);
			path = NewDetail;
			sourceTree = "<group>";
		};
		57266CE31F97F6E300757F32 /* View */ = {
			isa = PBXGroup;
			children = (
				57266CDC1F97F62200757F32 /* NewsDetailViewController.swift */,
				57266CE11F97F6DE00757F32 /* NewsDetailViewProtocol.swift */,
			);
			path = View;
			sourceTree = "<group>";
		};
		57266CE81F97F70200757F32 /* Presenter */ = {
			isa = PBXGroup;
			children = (
				57266CE41F97F6F700757F32 /* NewsDetailPresenter.swift */,
				57266CE61F97F6FF00757F32 /* NewsDetailPresenterProtocol.swift */,
			);
			path = Presenter;
			sourceTree = "<group>";
		};
		57266CED1F97F71D00757F32 /* Interactor */ = {
			isa = PBXGroup;
			children = (
				57266CE91F97F71200757F32 /* NewsDetailInteractor.swift */,
				57266CEB1F97F71900757F32 /* NewsDetailInteractorProtocol.swift */,
			);
			path = Interactor;
			sourceTree = "<group>";
		};
		57266CF01F97F73000757F32 /* Entity */ = {
			isa = PBXGroup;
			children = (
			);
			path = Entity;
			sourceTree = "<group>";
		};
		57266CF51F97F75100757F32 /* Routing */ = {
			isa = PBXGroup;
			children = (
			);
			path = Routing;
			sourceTree = "<group>";
		};
		578A6D1B1F974DCF00F6FC16 /* Resources */ = {
			isa = PBXGroup;
			children = (
				578A6D1A1F974DBE00F6FC16 /* Localized.strings */,
				578A6D3B1F9761E100F6FC16 /* APIClient.swift */,
			);
			path = Resources;
			sourceTree = "<group>";
		};
		578A6D311F975EA500F6FC16 /* SearchNewsResults */ = {
			isa = PBXGroup;
			children = (
				578A6D3A1F975EF600F6FC16 /* View */,
				578A6D321F975EB200F6FC16 /* Interactor */,
				578A6D331F975EBD00F6FC16 /* Presenter */,
				578A6D351F975ECB00F6FC16 /* Entity */,
				578A6D341F975EC500F6FC16 /* Routing */,
				57105FDD1F989E7300A3DCE4 /* FactoryCell */,
				57105FDE1F989E7C00A3DCE4 /* ViewModel */,
			);
			path = SearchNewsResults;
			sourceTree = "<group>";
		};
		578A6D321F975EB200F6FC16 /* Interactor */ = {
			isa = PBXGroup;
			children = (
				578A6D231F975EA100F6FC16 /* SearchNewsResultsInteractor.swift */,
				578A6D241F975EA100F6FC16 /* SearchNewsResultsInteractorProtocol.swift */,
			);
			path = Interactor;
			sourceTree = "<group>";
		};
		578A6D331F975EBD00F6FC16 /* Presenter */ = {
			isa = PBXGroup;
			children = (
				578A6D261F975EA100F6FC16 /* SearchNewsResultsPresenter.swift */,
				578A6D271F975EA100F6FC16 /* SearchNewsResultsPresenterProtocol.swift */,
			);
			path = Presenter;
			sourceTree = "<group>";
		};
		578A6D341F975EC500F6FC16 /* Routing */ = {
			isa = PBXGroup;
			children = (
				578A6D281F975EA100F6FC16 /* SearchNewsResultsRouting.swift */,
				578A6D291F975EA100F6FC16 /* SearchNewsResultsRoutingProtocol.swift */,
			);
			path = Routing;
			sourceTree = "<group>";
		};
		578A6D351F975ECB00F6FC16 /* Entity */ = {
			isa = PBXGroup;
			children = (
				578A6D251F975EA100F6FC16 /* SearchNewsResults.swift */,
				572AB22C1F976E6D0081D999 /* NewsResults.swift */,
			);
			path = Entity;
			sourceTree = "<group>";
		};
		578A6D3A1F975EF600F6FC16 /* View */ = {
			isa = PBXGroup;
			children = (
				572AB2341F9775610081D999 /* NewsTableViewCell.swift */,
				572AB2351F9775610081D999 /* NewsTableViewCell.xib */,
				578A6D361F975EE600F6FC16 /* SearchNewsResultsViewController.swift */,
				578A6D381F975EF100F6FC16 /* SearchNewsResultsViewProtocol.swift */,
			);
			path = View;
			sourceTree = "<group>";
		};
		57BF75D31F97F56B004EB791 /* Frameworks */ = {
			isa = PBXGroup;
			children = (
			);
			path = Frameworks;
			sourceTree = "<group>";
		};
		57FB1DD21F973D9500472FC7 = {
			isa = PBXGroup;
			children = (
				57F1F6AC1F97FE6D008CB3D0 /* ObjectMapper.framework */,
				57F1F6A91F97FE67008CB3D0 /* AlamofireObjectMapper.framework */,
				57F1F6A61F97FE61008CB3D0 /* Alamofire.framework */,
				57BF75D31F97F56B004EB791 /* Frameworks */,
				57FB1DDD1F973D9500472FC7 /* Corpora360 */,
				57FB1DF21F973D9500472FC7 /* Corpora360Tests */,
				57FB1DDC1F973D9500472FC7 /* Products */,
			);
			sourceTree = "<group>";
		};
		57FB1DDC1F973D9500472FC7 /* Products */ = {
			isa = PBXGroup;
			children = (
				57FB1DDB1F973D9500472FC7 /* Corpora360.app */,
				57FB1DEF1F973D9500472FC7 /* Corpora360Tests.xctest */,
			);
			name = Products;
			sourceTree = "<group>";
		};
		57FB1DDD1F973D9500472FC7 /* Corpora360 */ = {
			isa = PBXGroup;
			children = (
				57FB1E0C1F97463A00472FC7 /* Search */,
				578A6D311F975EA500F6FC16 /* SearchNewsResults */,
				57266CDE1F97F62700757F32 /* NewDetail */,
				57FB1DDE1F973D9500472FC7 /* AppDelegate.swift */,
				57FB1DE21F973D9500472FC7 /* Main.storyboard */,
				57FB1DE51F973D9500472FC7 /* Assets.xcassets */,
				57FB1DE71F973D9500472FC7 /* LaunchScreen.storyboard */,
				57FB1DEA1F973D9500472FC7 /* Info.plist */,
				57105FDC1F989D1C00A3DCE4 /* Extensions */,
				578A6D1B1F974DCF00F6FC16 /* Resources */,
			);
			path = Corpora360;
			sourceTree = "<group>";
		};
		57FB1DF21F973D9500472FC7 /* Corpora360Tests */ = {
			isa = PBXGroup;
			children = (
				57FB1DF31F973D9500472FC7 /* Corpora360Tests.swift */,
				57FB1DF51F973D9500472FC7 /* Info.plist */,
			);
			path = Corpora360Tests;
			sourceTree = "<group>";
		};
		57FB1E0C1F97463A00472FC7 /* Search */ = {
			isa = PBXGroup;
			children = (
				57FB1E111F97469E00472FC7 /* View */,
				57FB1E121F9746AF00472FC7 /* Interactor */,
				57FB1E131F9746B800472FC7 /* Presenter */,
				57FB1E151F9746C800472FC7 /* Entity */,
				57FB1E141F9746C100472FC7 /* Routing */,
			);
			path = Search;
			sourceTree = "<group>";
		};
		57FB1E111F97469E00472FC7 /* View */ = {
			isa = PBXGroup;
			children = (
				57FB1E0D1F97467E00472FC7 /* SearchNewsViewController.swift */,
				57FB1E0F1F97468A00472FC7 /* SearchNewsViewProtocol.swift */,
			);
			path = View;
			sourceTree = "<group>";
		};
		57FB1E121F9746AF00472FC7 /* Interactor */ = {
			isa = PBXGroup;
			children = (
				57FB1DFE1F97463500472FC7 /* SearchNewsInteractor.swift */,
				57FB1DFF1F97463500472FC7 /* SearchNewsInteractorProtocol.swift */,
			);
			path = Interactor;
			sourceTree = "<group>";
		};
		57FB1E131F9746B800472FC7 /* Presenter */ = {
			isa = PBXGroup;
			children = (
				57FB1E011F97463500472FC7 /* SearchNewsPresenter.swift */,
				57FB1E021F97463500472FC7 /* SearchNewsPresenterProtocol.swift */,
			);
			path = Presenter;
			sourceTree = "<group>";
		};
		57FB1E141F9746C100472FC7 /* Routing */ = {
			isa = PBXGroup;
			children = (
				57FB1E031F97463500472FC7 /* SearchNewsRouting.swift */,
				57FB1E041F97463500472FC7 /* SearchNewsRoutingProtocol.swift */,
			);
			path = Routing;
			sourceTree = "<group>";
		};
		57FB1E151F9746C800472FC7 /* Entity */ = {
			isa = PBXGroup;
			children = (
				57FB1E001F97463500472FC7 /* SearchNewsModels.swift */,
			);
			path = Entity;
			sourceTree = "<group>";
		};
/* End PBXGroup section */

/* Begin PBXNativeTarget section */
		57FB1DDA1F973D9500472FC7 /* Corpora360 */ = {
			isa = PBXNativeTarget;
			buildConfigurationList = 57FB1DF81F973D9500472FC7 /* Build configuration list for PBXNativeTarget "Corpora360" */;
			buildPhases = (
				57FB1DD71F973D9500472FC7 /* Sources */,
				57FB1DD81F973D9500472FC7 /* Frameworks */,
				57FB1DD91F973D9500472FC7 /* Resources */,
				57BF75CC1F97F4BC004EB791 /* Embed Frameworks */,
			);
			buildRules = (
			);
			dependencies = (
			);
			name = Corpora360;
			productName = Copora360;
			productReference = 57FB1DDB1F973D9500472FC7 /* Corpora360.app */;
			productType = "com.apple.product-type.application";
		};
		57FB1DEE1F973D9500472FC7 /* Corpora360Tests */ = {
			isa = PBXNativeTarget;
			buildConfigurationList = 57FB1DFB1F973D9500472FC7 /* Build configuration list for PBXNativeTarget "Corpora360Tests" */;
			buildPhases = (
				3629172B16CC011260D58B3E /* [CP] Check Pods Manifest.lock */,
				57FB1DEB1F973D9500472FC7 /* Sources */,
				57FB1DEC1F973D9500472FC7 /* Frameworks */,
				57FB1DED1F973D9500472FC7 /* Resources */,
				38B9E362B3181D4FE6B1D8E2 /* [CP] Embed Pods Frameworks */,
				AE94958F1D09281E3C978612 /* [CP] Copy Pods Resources */,
			);
			buildRules = (
			);
			dependencies = (
				57FB1DF11F973D9500472FC7 /* PBXTargetDependency */,
			);
			name = Corpora360Tests;
			productName = Copora360Tests;
			productReference = 57FB1DEF1F973D9500472FC7 /* Corpora360Tests.xctest */;
			productType = "com.apple.product-type.bundle.unit-test";
		};
/* End PBXNativeTarget section */

/* Begin PBXProject section */
		57FB1DD31F973D9500472FC7 /* Project object */ = {
			isa = PBXProject;
			attributes = {
				LastSwiftUpdateCheck = 0900;
				LastUpgradeCheck = 0900;
				ORGANIZATIONNAME = "Raul Pedraza";
				TargetAttributes = {
					57FB1DDA1F973D9500472FC7 = {
						CreatedOnToolsVersion = 9.0;
						ProvisioningStyle = Automatic;
					};
					57FB1DEE1F973D9500472FC7 = {
						CreatedOnToolsVersion = 9.0;
						ProvisioningStyle = Automatic;
						TestTargetID = 57FB1DDA1F973D9500472FC7;
					};
				};
			};
			buildConfigurationList = 57FB1DD61F973D9500472FC7 /* Build configuration list for PBXProject "Corpora360" */;
			compatibilityVersion = "Xcode 8.0";
			developmentRegion = en;
			hasScannedForEncodings = 0;
			knownRegions = (
				en,
				Base,
			);
			mainGroup = 57FB1DD21F973D9500472FC7;
			productRefGroup = 57FB1DDC1F973D9500472FC7 /* Products */;
			projectDirPath = "";
			projectRoot = "";
			targets = (
				57FB1DDA1F973D9500472FC7 /* Corpora360 */,
				57FB1DEE1F973D9500472FC7 /* Corpora360Tests */,
			);
		};
/* End PBXProject section */

/* Begin PBXResourcesBuildPhase section */
		57FB1DD91F973D9500472FC7 /* Resources */ = {
			isa = PBXResourcesBuildPhase;
			buildActionMask = 2147483647;
			files = (
				578A6D181F974DBE00F6FC16 /* Localized.strings in Resources */,
				57FB1DE91F973D9500472FC7 /* LaunchScreen.storyboard in Resources */,
				57FB1DE61F973D9500472FC7 /* Assets.xcassets in Resources */,
				572AB2371F9775610081D999 /* NewsTableViewCell.xib in Resources */,
				57FB1DE41F973D9500472FC7 /* Main.storyboard in Resources */,
			);
			runOnlyForDeploymentPostprocessing = 0;
		};
		57FB1DED1F973D9500472FC7 /* Resources */ = {
			isa = PBXResourcesBuildPhase;
			buildActionMask = 2147483647;
			files = (
			);
			runOnlyForDeploymentPostprocessing = 0;
		};
/* End PBXResourcesBuildPhase section */

/* Begin PBXShellScriptBuildPhase section */
		3629172B16CC011260D58B3E /* [CP] Check Pods Manifest.lock */ = {
			isa = PBXShellScriptBuildPhase;
			buildActionMask = 2147483647;
			files = (
			);
			inputPaths = (
				"${PODS_PODFILE_DIR_PATH}/Podfile.lock",
				"${PODS_ROOT}/Manifest.lock",
			);
			name = "[CP] Check Pods Manifest.lock";
			outputPaths = (
				"$(DERIVED_FILE_DIR)/Pods-Corpora360Tests-checkManifestLockResult.txt",
			);
			runOnlyForDeploymentPostprocessing = 0;
			shellPath = /bin/sh;
			shellScript = "diff \"${PODS_PODFILE_DIR_PATH}/Podfile.lock\" \"${PODS_ROOT}/Manifest.lock\" > /dev/null\nif [ $? != 0 ] ; then\n    # print error to STDERR\n    echo \"error: The sandbox is not in sync with the Podfile.lock. Run 'pod install' or update your CocoaPods installation.\" >&2\n    exit 1\nfi\n# This output is used by Xcode 'outputs' to avoid re-running this script phase.\necho \"SUCCESS\" > \"${SCRIPT_OUTPUT_FILE_0}\"\n";
			showEnvVarsInLog = 0;
		};
		38B9E362B3181D4FE6B1D8E2 /* [CP] Embed Pods Frameworks */ = {
			isa = PBXShellScriptBuildPhase;
			buildActionMask = 2147483647;
			files = (
			);
			inputPaths = (
			);
			name = "[CP] Embed Pods Frameworks";
			outputPaths = (
			);
			runOnlyForDeploymentPostprocessing = 0;
			shellPath = /bin/sh;
			shellScript = "\"${SRCROOT}/Pods/Target Support Files/Pods-Corpora360Tests/Pods-Corpora360Tests-frameworks.sh\"\n";
			showEnvVarsInLog = 0;
		};
		AE94958F1D09281E3C978612 /* [CP] Copy Pods Resources */ = {
			isa = PBXShellScriptBuildPhase;
			buildActionMask = 2147483647;
			files = (
			);
			inputPaths = (
			);
			name = "[CP] Copy Pods Resources";
			outputPaths = (
			);
			runOnlyForDeploymentPostprocessing = 0;
			shellPath = /bin/sh;
			shellScript = "\"${SRCROOT}/Pods/Target Support Files/Pods-Corpora360Tests/Pods-Corpora360Tests-resources.sh\"\n";
			showEnvVarsInLog = 0;
		};
/* End PBXShellScriptBuildPhase section */

/* Begin PBXSourcesBuildPhase section */
		57FB1DD71F973D9500472FC7 /* Sources */ = {
			isa = PBXSourcesBuildPhase;
			buildActionMask = 2147483647;
			files = (
				57266CE21F97F6DE00757F32 /* NewsDetailViewProtocol.swift in Sources */,
				578A6D2D1F975EA100F6FC16 /* SearchNewsResultsPresenter.swift in Sources */,
				57FB1E071F97463500472FC7 /* SearchNewsModels.swift in Sources */,
				578A6D2A1F975EA100F6FC16 /* SearchNewsResultsInteractor.swift in Sources */,
				57266CF21F97F74500757F32 /* NewsDetailRouting.swift in Sources */,
				578A6D3C1F9761E100F6FC16 /* APIClient.swift in Sources */,
				57105FD91F989CE200A3DCE4 /* UITableViewExtension.swift in Sources */,
				57105FD71F989C3000A3DCE4 /* ViewModel.swift in Sources */,
				578A6D391F975EF100F6FC16 /* SearchNewsResultsViewProtocol.swift in Sources */,
				57105FDB1F989D0A00A3DCE4 /* UITableViewCell.swift in Sources */,
				57266CEC1F97F71900757F32 /* NewsDetailInteractorProtocol.swift in Sources */,
				57266CE51F97F6F700757F32 /* NewsDetailPresenter.swift in Sources */,
				578A6D2B1F975EA100F6FC16 /* SearchNewsResultsInteractorProtocol.swift in Sources */,
				578A6D2E1F975EA100F6FC16 /* SearchNewsResultsPresenterProtocol.swift in Sources */,
				57FB1E0E1F97467E00472FC7 /* SearchNewsViewController.swift in Sources */,
				57FB1E0A1F97463500472FC7 /* SearchNewsRouting.swift in Sources */,
				57FB1DDF1F973D9500472FC7 /* AppDelegate.swift in Sources */,
				57FB1E081F97463500472FC7 /* SearchNewsPresenter.swift in Sources */,
				572AB22D1F976E6D0081D999 /* NewsResults.swift in Sources */,
				57105FD51F989C2400A3DCE4 /* BaseTableViewCell.swift in Sources */,
				57266CF41F97F74E00757F32 /* NewsDetailRoutingProtocol.swift in Sources */,
				57105FD31F989C0A00A3DCE4 /* TableCellFactory.swift in Sources */,
				57FB1E061F97463500472FC7 /* SearchNewsInteractorProtocol.swift in Sources */,
				57FB1E051F97463500472FC7 /* SearchNewsInteractor.swift in Sources */,
				57FB1E101F97468A00472FC7 /* SearchNewsViewProtocol.swift in Sources */,
				57266CEF1F97F72D00757F32 /* NewsDetailEntity.swift in Sources */,
				57266CEA1F97F71200757F32 /* NewsDetailInteractor.swift in Sources */,
				578A6D2C1F975EA100F6FC16 /* SearchNewsResults.swift in Sources */,
				57266CDD1F97F62200757F32 /* NewsDetailViewController.swift in Sources */,
				57FB1E091F97463500472FC7 /* SearchNewsPresenterProtocol.swift in Sources */,
				57266CE71F97F6FF00757F32 /* NewsDetailPresenterProtocol.swift in Sources */,
				578A6D371F975EE600F6FC16 /* SearchNewsResultsViewController.swift in Sources */,
				578A6D2F1F975EA100F6FC16 /* SearchNewsResultsRouting.swift in Sources */,
				578A6D301F975EA100F6FC16 /* SearchNewsResultsRoutingProtocol.swift in Sources */,
				572AB2361F9775610081D999 /* NewsTableViewCell.swift in Sources */,
				57FB1E0B1F97463500472FC7 /* SearchNewsRoutingProtocol.swift in Sources */,
			);
			runOnlyForDeploymentPostprocessing = 0;
		};
		57FB1DEB1F973D9500472FC7 /* Sources */ = {
			isa = PBXSourcesBuildPhase;
			buildActionMask = 2147483647;
			files = (
				57FB1DF41F973D9500472FC7 /* Corpora360Tests.swift in Sources */,
			);
			runOnlyForDeploymentPostprocessing = 0;
		};
/* End PBXSourcesBuildPhase section */

/* Begin PBXTargetDependency section */
		57FB1DF11F973D9500472FC7 /* PBXTargetDependency */ = {
			isa = PBXTargetDependency;
			target = 57FB1DDA1F973D9500472FC7 /* Corpora360 */;
			targetProxy = 57FB1DF01F973D9500472FC7 /* PBXContainerItemProxy */;
		};
/* End PBXTargetDependency section */

/* Begin PBXVariantGroup section */
		578A6D1A1F974DBE00F6FC16 /* Localized.strings */ = {
			isa = PBXVariantGroup;
			children = (
				578A6D191F974DBE00F6FC16 /* en */,
				578A6D1C1F974E3B00F6FC16 /* Base */,
			);
			name = Localized.strings;
			sourceTree = "<group>";
		};
		57FB1DE21F973D9500472FC7 /* Main.storyboard */ = {
			isa = PBXVariantGroup;
			children = (
				57FB1DE31F973D9500472FC7 /* Base */,
			);
			name = Main.storyboard;
			sourceTree = "<group>";
		};
		57FB1DE71F973D9500472FC7 /* LaunchScreen.storyboard */ = {
			isa = PBXVariantGroup;
			children = (
				57FB1DE81F973D9500472FC7 /* Base */,
			);
			name = LaunchScreen.storyboard;
			sourceTree = "<group>";
		};
/* End PBXVariantGroup section */

/* Begin XCBuildConfiguration section */
		57FB1DF61F973D9500472FC7 /* Debug */ = {
			isa = XCBuildConfiguration;
			buildSettings = {
				ALWAYS_SEARCH_USER_PATHS = NO;
				CLANG_ANALYZER_NONNULL = YES;
				CLANG_ANALYZER_NUMBER_OBJECT_CONVERSION = YES_AGGRESSIVE;
				CLANG_CXX_LANGUAGE_STANDARD = "gnu++14";
				CLANG_CXX_LIBRARY = "libc++";
				CLANG_ENABLE_MODULES = YES;
				CLANG_ENABLE_OBJC_ARC = YES;
				CLANG_WARN_BLOCK_CAPTURE_AUTORELEASING = YES;
				CLANG_WARN_BOOL_CONVERSION = YES;
				CLANG_WARN_COMMA = YES;
				CLANG_WARN_CONSTANT_CONVERSION = YES;
				CLANG_WARN_DIRECT_OBJC_ISA_USAGE = YES_ERROR;
				CLANG_WARN_DOCUMENTATION_COMMENTS = YES;
				CLANG_WARN_EMPTY_BODY = YES;
				CLANG_WARN_ENUM_CONVERSION = YES;
				CLANG_WARN_INFINITE_RECURSION = YES;
				CLANG_WARN_INT_CONVERSION = YES;
				CLANG_WARN_NON_LITERAL_NULL_CONVERSION = YES;
				CLANG_WARN_OBJC_LITERAL_CONVERSION = YES;
				CLANG_WARN_OBJC_ROOT_CLASS = YES_ERROR;
				CLANG_WARN_RANGE_LOOP_ANALYSIS = YES;
				CLANG_WARN_STRICT_PROTOTYPES = YES;
				CLANG_WARN_SUSPICIOUS_MOVE = YES;
				CLANG_WARN_UNGUARDED_AVAILABILITY = YES_AGGRESSIVE;
				CLANG_WARN_UNREACHABLE_CODE = YES;
				CLANG_WARN__DUPLICATE_METHOD_MATCH = YES;
				CODE_SIGN_IDENTITY = "iPhone Developer";
				COPY_PHASE_STRIP = NO;
				DEBUG_INFORMATION_FORMAT = dwarf;
				ENABLE_STRICT_OBJC_MSGSEND = YES;
				ENABLE_TESTABILITY = YES;
				GCC_C_LANGUAGE_STANDARD = gnu11;
				GCC_DYNAMIC_NO_PIC = NO;
				GCC_NO_COMMON_BLOCKS = YES;
				GCC_OPTIMIZATION_LEVEL = 0;
				GCC_PREPROCESSOR_DEFINITIONS = (
					"DEBUG=1",
					"$(inherited)",
				);
				GCC_WARN_64_TO_32_BIT_CONVERSION = YES;
				GCC_WARN_ABOUT_RETURN_TYPE = YES_ERROR;
				GCC_WARN_UNDECLARED_SELECTOR = YES;
				GCC_WARN_UNINITIALIZED_AUTOS = YES_AGGRESSIVE;
				GCC_WARN_UNUSED_FUNCTION = YES;
				GCC_WARN_UNUSED_VARIABLE = YES;
				IPHONEOS_DEPLOYMENT_TARGET = 11.0;
				MTL_ENABLE_DEBUG_INFO = YES;
				ONLY_ACTIVE_ARCH = YES;
				SDKROOT = iphoneos;
				SWIFT_ACTIVE_COMPILATION_CONDITIONS = DEBUG;
				SWIFT_OPTIMIZATION_LEVEL = "-Onone";
			};
			name = Debug;
		};
		57FB1DF71F973D9500472FC7 /* Release */ = {
			isa = XCBuildConfiguration;
			buildSettings = {
				ALWAYS_SEARCH_USER_PATHS = NO;
				CLANG_ANALYZER_NONNULL = YES;
				CLANG_ANALYZER_NUMBER_OBJECT_CONVERSION = YES_AGGRESSIVE;
				CLANG_CXX_LANGUAGE_STANDARD = "gnu++14";
				CLANG_CXX_LIBRARY = "libc++";
				CLANG_ENABLE_MODULES = YES;
				CLANG_ENABLE_OBJC_ARC = YES;
				CLANG_WARN_BLOCK_CAPTURE_AUTORELEASING = YES;
				CLANG_WARN_BOOL_CONVERSION = YES;
				CLANG_WARN_COMMA = YES;
				CLANG_WARN_CONSTANT_CONVERSION = YES;
				CLANG_WARN_DIRECT_OBJC_ISA_USAGE = YES_ERROR;
				CLANG_WARN_DOCUMENTATION_COMMENTS = YES;
				CLANG_WARN_EMPTY_BODY = YES;
				CLANG_WARN_ENUM_CONVERSION = YES;
				CLANG_WARN_INFINITE_RECURSION = YES;
				CLANG_WARN_INT_CONVERSION = YES;
				CLANG_WARN_NON_LITERAL_NULL_CONVERSION = YES;
				CLANG_WARN_OBJC_LITERAL_CONVERSION = YES;
				CLANG_WARN_OBJC_ROOT_CLASS = YES_ERROR;
				CLANG_WARN_RANGE_LOOP_ANALYSIS = YES;
				CLANG_WARN_STRICT_PROTOTYPES = YES;
				CLANG_WARN_SUSPICIOUS_MOVE = YES;
				CLANG_WARN_UNGUARDED_AVAILABILITY = YES_AGGRESSIVE;
				CLANG_WARN_UNREACHABLE_CODE = YES;
				CLANG_WARN__DUPLICATE_METHOD_MATCH = YES;
				CODE_SIGN_IDENTITY = "iPhone Developer";
				COPY_PHASE_STRIP = NO;
				DEBUG_INFORMATION_FORMAT = "dwarf-with-dsym";
				ENABLE_NS_ASSERTIONS = NO;
				ENABLE_STRICT_OBJC_MSGSEND = YES;
				GCC_C_LANGUAGE_STANDARD = gnu11;
				GCC_NO_COMMON_BLOCKS = YES;
				GCC_WARN_64_TO_32_BIT_CONVERSION = YES;
				GCC_WARN_ABOUT_RETURN_TYPE = YES_ERROR;
				GCC_WARN_UNDECLARED_SELECTOR = YES;
				GCC_WARN_UNINITIALIZED_AUTOS = YES_AGGRESSIVE;
				GCC_WARN_UNUSED_FUNCTION = YES;
				GCC_WARN_UNUSED_VARIABLE = YES;
				IPHONEOS_DEPLOYMENT_TARGET = 11.0;
				MTL_ENABLE_DEBUG_INFO = NO;
				SDKROOT = iphoneos;
				SWIFT_OPTIMIZATION_LEVEL = "-Owholemodule";
				VALIDATE_PRODUCT = YES;
			};
			name = Release;
		};
		57FB1DF91F973D9500472FC7 /* Debug */ = {
			isa = XCBuildConfiguration;
			buildSettings = {
				ASSETCATALOG_COMPILER_APPICON_NAME = AppIcon;
				CODE_SIGN_STYLE = Automatic;
				FRAMEWORK_SEARCH_PATHS = (
					"$(inherited)",
					"$(PROJECT_DIR)/Carthage/Build/iOS",
				);
				INFOPLIST_FILE = Corpora360/Info.plist;
				LD_RUNPATH_SEARCH_PATHS = "$(inherited) @executable_path/Frameworks";
				PRODUCT_BUNDLE_IDENTIFIER = RaulPedrazaLeon.Corpora360;
				PRODUCT_NAME = "$(TARGET_NAME)";
				SWIFT_VERSION = 4.0;
				TARGETED_DEVICE_FAMILY = "1,2";
			};
			name = Debug;
		};
		57FB1DFA1F973D9500472FC7 /* Release */ = {
			isa = XCBuildConfiguration;
			buildSettings = {
				ASSETCATALOG_COMPILER_APPICON_NAME = AppIcon;
				CODE_SIGN_STYLE = Automatic;
				FRAMEWORK_SEARCH_PATHS = (
					"$(inherited)",
					"$(PROJECT_DIR)/Carthage/Build/iOS",
				);
				INFOPLIST_FILE = Corpora360/Info.plist;
				LD_RUNPATH_SEARCH_PATHS = "$(inherited) @executable_path/Frameworks";
				PRODUCT_BUNDLE_IDENTIFIER = RaulPedrazaLeon.Corpora360;
				PRODUCT_NAME = "$(TARGET_NAME)";
				SWIFT_VERSION = 4.0;
				TARGETED_DEVICE_FAMILY = "1,2";
			};
			name = Release;
		};
		57FB1DFC1F973D9500472FC7 /* Debug */ = {
			isa = XCBuildConfiguration;
			buildSettings = {
				ALWAYS_EMBED_SWIFT_STANDARD_LIBRARIES = YES;
				BUNDLE_LOADER = "$(TEST_HOST)";
				CODE_SIGN_STYLE = Automatic;
				INFOPLIST_FILE = Corpora360Tests/Info.plist;
				LD_RUNPATH_SEARCH_PATHS = "$(inherited) @executable_path/Frameworks @loader_path/Frameworks";
				PRODUCT_BUNDLE_IDENTIFIER = RaulPedrazaLeon.Corpora360Tests;
				PRODUCT_NAME = "$(TARGET_NAME)";
				SWIFT_VERSION = 4.0;
				TARGETED_DEVICE_FAMILY = "1,2";
				TEST_HOST = "$(BUILT_PRODUCTS_DIR)/Corpora360.app/Corpora360";
			};
			name = Debug;
		};
		57FB1DFD1F973D9500472FC7 /* Release */ = {
			isa = XCBuildConfiguration;
			buildSettings = {
				ALWAYS_EMBED_SWIFT_STANDARD_LIBRARIES = YES;
				BUNDLE_LOADER = "$(TEST_HOST)";
				CODE_SIGN_STYLE = Automatic;
				INFOPLIST_FILE = Corpora360Tests/Info.plist;
				LD_RUNPATH_SEARCH_PATHS = "$(inherited) @executable_path/Frameworks @loader_path/Frameworks";
				PRODUCT_BUNDLE_IDENTIFIER = RaulPedrazaLeon.Corpora360Tests;
				PRODUCT_NAME = "$(TARGET_NAME)";
				SWIFT_VERSION = 4.0;
				TARGETED_DEVICE_FAMILY = "1,2";
				TEST_HOST = "$(BUILT_PRODUCTS_DIR)/Corpora360.app/Corpora360";
			};
			name = Release;
		};
/* End XCBuildConfiguration section */

/* Begin XCConfigurationList section */
		57FB1DD61F973D9500472FC7 /* Build configuration list for PBXProject "Corpora360" */ = {
			isa = XCConfigurationList;
			buildConfigurations = (
				57FB1DF61F973D9500472FC7 /* Debug */,
				57FB1DF71F973D9500472FC7 /* Release */,
			);
			defaultConfigurationIsVisible = 0;
			defaultConfigurationName = Release;
		};
		57FB1DF81F973D9500472FC7 /* Build configuration list for PBXNativeTarget "Corpora360" */ = {
			isa = XCConfigurationList;
			buildConfigurations = (
				57FB1DF91F973D9500472FC7 /* Debug */,
				57FB1DFA1F973D9500472FC7 /* Release */,
			);
			defaultConfigurationIsVisible = 0;
			defaultConfigurationName = Release;
		};
		57FB1DFB1F973D9500472FC7 /* Build configuration list for PBXNativeTarget "Corpora360Tests" */ = {
			isa = XCConfigurationList;
			buildConfigurations = (
				57FB1DFC1F973D9500472FC7 /* Debug */,
				57FB1DFD1F973D9500472FC7 /* Release */,
			);
			defaultConfigurationIsVisible = 0;
			defaultConfigurationName = Release;
		};
/* End XCConfigurationList section */
	};
	rootObject = 57FB1DD31F973D9500472FC7 /* Project object */;
}
