// !$*UTF8*$!
{
	archiveVersion = 1;
	classes = {
	};
	objectVersion = 48;
	objects = {

/* Begin PBXBuildFile section */
		57FB1DDF1F973D9500472FC7 /* AppDelegate.swift in Sources */ = {isa = PBXBuildFile; fileRef = 57FB1DDE1F973D9500472FC7 /* AppDelegate.swift */; };
		57FB1DE41F973D9500472FC7 /* Main.storyboard in Resources */ = {isa = PBXBuildFile; fileRef = 57FB1DE21F973D9500472FC7 /* Main.storyboard */; };
		57FB1DE61F973D9500472FC7 /* Assets.xcassets in Resources */ = {isa = PBXBuildFile; fileRef = 57FB1DE51F973D9500472FC7 /* Assets.xcassets */; };
		57FB1DE91F973D9500472FC7 /* LaunchScreen.storyboard in Resources */ = {isa = PBXBuildFile; fileRef = 57FB1DE71F973D9500472FC7 /* LaunchScreen.storyboard */; };
		57FB1DF41F973D9500472FC7 /* Copora360Tests.swift in Sources */ = {isa = PBXBuildFile; fileRef = 57FB1DF31F973D9500472FC7 /* Copora360Tests.swift */; };
		57FB1E051F97463500472FC7 /* SearchNewsInteractor.swift in Sources */ = {isa = PBXBuildFile; fileRef = 57FB1DFE1F97463500472FC7 /* SearchNewsInteractor.swift */; };
		57FB1E061F97463500472FC7 /* SearchNewsInteractorProtocol.swift in Sources */ = {isa = PBXBuildFile; fileRef = 57FB1DFF1F97463500472FC7 /* SearchNewsInteractorProtocol.swift */; };
		57FB1E071F97463500472FC7 /* SearchNewsModels.swift in Sources */ = {isa = PBXBuildFile; fileRef = 57FB1E001F97463500472FC7 /* SearchNewsModels.swift */; };
		57FB1E081F97463500472FC7 /* SearchNewsPresenter.swift in Sources */ = {isa = PBXBuildFile; fileRef = 57FB1E011F97463500472FC7 /* SearchNewsPresenter.swift */; };
		57FB1E091F97463500472FC7 /* SearchNewsPresenterProtocol.swift in Sources */ = {isa = PBXBuildFile; fileRef = 57FB1E021F97463500472FC7 /* SearchNewsPresenterProtocol.swift */; };
		57FB1E0A1F97463500472FC7 /* SearchNewsRouter.swift in Sources */ = {isa = PBXBuildFile; fileRef = 57FB1E031F97463500472FC7 /* SearchNewsRouter.swift */; };
		57FB1E0B1F97463500472FC7 /* SearchNewsRouterProtocol.swift in Sources */ = {isa = PBXBuildFile; fileRef = 57FB1E041F97463500472FC7 /* SearchNewsRouterProtocol.swift */; };
		57FB1E0E1F97467E00472FC7 /* SearchNewsViewController.swift in Sources */ = {isa = PBXBuildFile; fileRef = 57FB1E0D1F97467E00472FC7 /* SearchNewsViewController.swift */; };
		57FB1E101F97468A00472FC7 /* SearchNewsViewProtocol.swift in Sources */ = {isa = PBXBuildFile; fileRef = 57FB1E0F1F97468A00472FC7 /* SearchNewsViewProtocol.swift */; };
		DC16802CA04B34AC1176ED65 /* Pods_Copora360.framework in Frameworks */ = {isa = PBXBuildFile; fileRef = 3ED5067771147CE225291DCF /* Pods_Copora360.framework */; };
		E743430C713A0B4B8B37FDAB /* Pods_Copora360Tests.framework in Frameworks */ = {isa = PBXBuildFile; fileRef = 5E42D64E4C954EE1301CA025 /* Pods_Copora360Tests.framework */; };
/* End PBXBuildFile section */

/* Begin PBXContainerItemProxy section */
		57FB1DF01F973D9500472FC7 /* PBXContainerItemProxy */ = {
			isa = PBXContainerItemProxy;
			containerPortal = 57FB1DD31F973D9500472FC7 /* Project object */;
			proxyType = 1;
			remoteGlobalIDString = 57FB1DDA1F973D9500472FC7;
			remoteInfo = Copora360;
		};
/* End PBXContainerItemProxy section */

/* Begin PBXFileReference section */
		0A7366027C395A1A9FC0C1CB /* Pods-Copora360Tests.debug.xcconfig */ = {isa = PBXFileReference; includeInIndex = 1; lastKnownFileType = text.xcconfig; name = "Pods-Copora360Tests.debug.xcconfig"; path = "Pods/Target Support Files/Pods-Copora360Tests/Pods-Copora360Tests.debug.xcconfig"; sourceTree = "<group>"; };
		3ED5067771147CE225291DCF /* Pods_Copora360.framework */ = {isa = PBXFileReference; explicitFileType = wrapper.framework; includeInIndex = 0; path = Pods_Copora360.framework; sourceTree = BUILT_PRODUCTS_DIR; };
		57FB1DDB1F973D9500472FC7 /* Corpora360.app */ = {isa = PBXFileReference; explicitFileType = wrapper.application; includeInIndex = 0; path = Corpora360.app; sourceTree = BUILT_PRODUCTS_DIR; };
		57FB1DDE1F973D9500472FC7 /* AppDelegate.swift */ = {isa = PBXFileReference; lastKnownFileType = sourcecode.swift; path = AppDelegate.swift; sourceTree = "<group>"; };
		57FB1DE31F973D9500472FC7 /* Base */ = {isa = PBXFileReference; lastKnownFileType = file.storyboard; name = Base; path = Base.lproj/Main.storyboard; sourceTree = "<group>"; };
		57FB1DE51F973D9500472FC7 /* Assets.xcassets */ = {isa = PBXFileReference; lastKnownFileType = folder.assetcatalog; path = Assets.xcassets; sourceTree = "<group>"; };
		57FB1DE81F973D9500472FC7 /* Base */ = {isa = PBXFileReference; lastKnownFileType = file.storyboard; name = Base; path = Base.lproj/LaunchScreen.storyboard; sourceTree = "<group>"; };
		57FB1DEA1F973D9500472FC7 /* Info.plist */ = {isa = PBXFileReference; lastKnownFileType = text.plist.xml; path = Info.plist; sourceTree = "<group>"; };
		57FB1DEF1F973D9500472FC7 /* Corpora360Tests.xctest */ = {isa = PBXFileReference; explicitFileType = wrapper.cfbundle; includeInIndex = 0; path = Corpora360Tests.xctest; sourceTree = BUILT_PRODUCTS_DIR; };
		57FB1DF31F973D9500472FC7 /* Copora360Tests.swift */ = {isa = PBXFileReference; lastKnownFileType = sourcecode.swift; path = Copora360Tests.swift; sourceTree = "<group>"; };
		57FB1DF51F973D9500472FC7 /* Info.plist */ = {isa = PBXFileReference; lastKnownFileType = text.plist.xml; path = Info.plist; sourceTree = "<group>"; };
		57FB1DFE1F97463500472FC7 /* SearchNewsInteractor.swift */ = {isa = PBXFileReference; lastKnownFileType = sourcecode.swift; path = SearchNewsInteractor.swift; sourceTree = "<group>"; };
		57FB1DFF1F97463500472FC7 /* SearchNewsInteractorProtocol.swift */ = {isa = PBXFileReference; lastKnownFileType = sourcecode.swift; path = SearchNewsInteractorProtocol.swift; sourceTree = "<group>"; };
		57FB1E001F97463500472FC7 /* SearchNewsModels.swift */ = {isa = PBXFileReference; lastKnownFileType = sourcecode.swift; path = SearchNewsModels.swift; sourceTree = "<group>"; };
		57FB1E011F97463500472FC7 /* SearchNewsPresenter.swift */ = {isa = PBXFileReference; lastKnownFileType = sourcecode.swift; path = SearchNewsPresenter.swift; sourceTree = "<group>"; };
		57FB1E021F97463500472FC7 /* SearchNewsPresenterProtocol.swift */ = {isa = PBXFileReference; lastKnownFileType = sourcecode.swift; path = SearchNewsPresenterProtocol.swift; sourceTree = "<group>"; };
		57FB1E031F97463500472FC7 /* SearchNewsRouter.swift */ = {isa = PBXFileReference; lastKnownFileType = sourcecode.swift; path = SearchNewsRouter.swift; sourceTree = "<group>"; };
		57FB1E041F97463500472FC7 /* SearchNewsRouterProtocol.swift */ = {isa = PBXFileReference; lastKnownFileType = sourcecode.swift; path = SearchNewsRouterProtocol.swift; sourceTree = "<group>"; };
		57FB1E0D1F97467E00472FC7 /* SearchNewsViewController.swift */ = {isa = PBXFileReference; lastKnownFileType = sourcecode.swift; path = SearchNewsViewController.swift; sourceTree = "<group>"; };
		57FB1E0F1F97468A00472FC7 /* SearchNewsViewProtocol.swift */ = {isa = PBXFileReference; lastKnownFileType = sourcecode.swift; path = SearchNewsViewProtocol.swift; sourceTree = "<group>"; };
		5E42D64E4C954EE1301CA025 /* Pods_Copora360Tests.framework */ = {isa = PBXFileReference; explicitFileType = wrapper.framework; includeInIndex = 0; path = Pods_Copora360Tests.framework; sourceTree = BUILT_PRODUCTS_DIR; };
		E4DE23351B082343A3AE7A4C /* Pods-Copora360.debug.xcconfig */ = {isa = PBXFileReference; includeInIndex = 1; lastKnownFileType = text.xcconfig; name = "Pods-Copora360.debug.xcconfig"; path = "Pods/Target Support Files/Pods-Copora360/Pods-Copora360.debug.xcconfig"; sourceTree = "<group>"; };
		E68D9D97C253F2B6E2EFE982 /* Pods-Copora360.release.xcconfig */ = {isa = PBXFileReference; includeInIndex = 1; lastKnownFileType = text.xcconfig; name = "Pods-Copora360.release.xcconfig"; path = "Pods/Target Support Files/Pods-Copora360/Pods-Copora360.release.xcconfig"; sourceTree = "<group>"; };
		FD9939C7EB611BAC48B718F5 /* Pods-Copora360Tests.release.xcconfig */ = {isa = PBXFileReference; includeInIndex = 1; lastKnownFileType = text.xcconfig; name = "Pods-Copora360Tests.release.xcconfig"; path = "Pods/Target Support Files/Pods-Copora360Tests/Pods-Copora360Tests.release.xcconfig"; sourceTree = "<group>"; };
/* End PBXFileReference section */

/* Begin PBXFrameworksBuildPhase section */
		57FB1DD81F973D9500472FC7 /* Frameworks */ = {
			isa = PBXFrameworksBuildPhase;
			buildActionMask = 2147483647;
			files = (
				DC16802CA04B34AC1176ED65 /* Pods_Copora360.framework in Frameworks */,
			);
			runOnlyForDeploymentPostprocessing = 0;
		};
		57FB1DEC1F973D9500472FC7 /* Frameworks */ = {
			isa = PBXFrameworksBuildPhase;
			buildActionMask = 2147483647;
			files = (
				E743430C713A0B4B8B37FDAB /* Pods_Copora360Tests.framework in Frameworks */,
			);
			runOnlyForDeploymentPostprocessing = 0;
		};
/* End PBXFrameworksBuildPhase section */

/* Begin PBXGroup section */
		0287DE0BEFA74D46C1D6E9D8 /* Frameworks */ = {
			isa = PBXGroup;
			children = (
				3ED5067771147CE225291DCF /* Pods_Copora360.framework */,
				5E42D64E4C954EE1301CA025 /* Pods_Copora360Tests.framework */,
			);
			name = Frameworks;
			sourceTree = "<group>";
		};
		57FB1DD21F973D9500472FC7 = {
			isa = PBXGroup;
			children = (
				57FB1DDD1F973D9500472FC7 /* Copora360 */,
				57FB1DF21F973D9500472FC7 /* Copora360Tests */,
				57FB1DDC1F973D9500472FC7 /* Products */,
				F253CBA2392ABC99F55B3DA1 /* Pods */,
				0287DE0BEFA74D46C1D6E9D8 /* Frameworks */,
			);
			sourceTree = "<group>";
		};
		57FB1DDC1F973D9500472FC7 /* Products */ = {
			isa = PBXGroup;
			children = (
				57FB1DDB1F973D9500472FC7 /* Corpora360.app */,
				57FB1DEF1F973D9500472FC7 /* Corpora360Tests.xctest */,
			);
			name = Products;
			sourceTree = "<group>";
		};
		57FB1DDD1F973D9500472FC7 /* Copora360 */ = {
			isa = PBXGroup;
			children = (
				57FB1DDE1F973D9500472FC7 /* AppDelegate.swift */,
				57FB1DE21F973D9500472FC7 /* Main.storyboard */,
				57FB1DE51F973D9500472FC7 /* Assets.xcassets */,
				57FB1DE71F973D9500472FC7 /* LaunchScreen.storyboard */,
				57FB1DEA1F973D9500472FC7 /* Info.plist */,
				57FB1E0C1F97463A00472FC7 /* Search */,
			);
			path = Copora360;
			sourceTree = "<group>";
		};
		57FB1DF21F973D9500472FC7 /* Copora360Tests */ = {
			isa = PBXGroup;
			children = (
				57FB1DF31F973D9500472FC7 /* Copora360Tests.swift */,
				57FB1DF51F973D9500472FC7 /* Info.plist */,
			);
			path = Copora360Tests;
			sourceTree = "<group>";
		};
		57FB1E0C1F97463A00472FC7 /* Search */ = {
			isa = PBXGroup;
			children = (
				57FB1E111F97469E00472FC7 /* View */,
				57FB1E121F9746AF00472FC7 /* Interactor */,
				57FB1E131F9746B800472FC7 /* Presenter */,
				57FB1E151F9746C800472FC7 /* Entity */,
				57FB1E141F9746C100472FC7 /* Routing */,
			);
			path = Search;
			sourceTree = "<group>";
		};
		57FB1E111F97469E00472FC7 /* View */ = {
			isa = PBXGroup;
			children = (
				57FB1E0D1F97467E00472FC7 /* SearchNewsViewController.swift */,
				57FB1E0F1F97468A00472FC7 /* SearchNewsViewProtocol.swift */,
			);
			path = View;
			sourceTree = "<group>";
		};
		57FB1E121F9746AF00472FC7 /* Interactor */ = {
			isa = PBXGroup;
			children = (
				57FB1DFE1F97463500472FC7 /* SearchNewsInteractor.swift */,
				57FB1DFF1F97463500472FC7 /* SearchNewsInteractorProtocol.swift */,
			);
			path = Interactor;
			sourceTree = "<group>";
		};
		57FB1E131F9746B800472FC7 /* Presenter */ = {
			isa = PBXGroup;
			children = (
				57FB1E011F97463500472FC7 /* SearchNewsPresenter.swift */,
				57FB1E021F97463500472FC7 /* SearchNewsPresenterProtocol.swift */,
			);
			path = Presenter;
			sourceTree = "<group>";
		};
		57FB1E141F9746C100472FC7 /* Routing */ = {
			isa = PBXGroup;
			children = (
				57FB1E031F97463500472FC7 /* SearchNewsRouter.swift */,
				57FB1E041F97463500472FC7 /* SearchNewsRouterProtocol.swift */,
			);
			path = Routing;
			sourceTree = "<group>";
		};
		57FB1E151F9746C800472FC7 /* Entity */ = {
			isa = PBXGroup;
			children = (
				57FB1E001F97463500472FC7 /* SearchNewsModels.swift */,
			);
			path = Entity;
			sourceTree = "<group>";
		};
		F253CBA2392ABC99F55B3DA1 /* Pods */ = {
			isa = PBXGroup;
			children = (
				E4DE23351B082343A3AE7A4C /* Pods-Copora360.debug.xcconfig */,
				E68D9D97C253F2B6E2EFE982 /* Pods-Copora360.release.xcconfig */,
				0A7366027C395A1A9FC0C1CB /* Pods-Copora360Tests.debug.xcconfig */,
				FD9939C7EB611BAC48B718F5 /* Pods-Copora360Tests.release.xcconfig */,
			);
			name = Pods;
			sourceTree = "<group>";
		};
/* End PBXGroup section */

/* Begin PBXNativeTarget section */
		57FB1DDA1F973D9500472FC7 /* Corpora360 */ = {
			isa = PBXNativeTarget;
			buildConfigurationList = 57FB1DF81F973D9500472FC7 /* Build configuration list for PBXNativeTarget "Corpora360" */;
			buildPhases = (
				9946DBEF258E25D923CE605B /* [CP] Check Pods Manifest.lock */,
				57FB1DD71F973D9500472FC7 /* Sources */,
				57FB1DD81F973D9500472FC7 /* Frameworks */,
				57FB1DD91F973D9500472FC7 /* Resources */,
				25D613094776BD94CF5E4C91 /* [CP] Embed Pods Frameworks */,
				4D88E89E9C15E19BD6F6EA64 /* [CP] Copy Pods Resources */,
			);
			buildRules = (
			);
			dependencies = (
			);
			name = Corpora360;
			productName = Copora360;
			productReference = 57FB1DDB1F973D9500472FC7 /* Corpora360.app */;
			productType = "com.apple.product-type.application";
		};
		57FB1DEE1F973D9500472FC7 /* Corpora360Tests */ = {
			isa = PBXNativeTarget;
			buildConfigurationList = 57FB1DFB1F973D9500472FC7 /* Build configuration list for PBXNativeTarget "Corpora360Tests" */;
			buildPhases = (
				3629172B16CC011260D58B3E /* [CP] Check Pods Manifest.lock */,
				57FB1DEB1F973D9500472FC7 /* Sources */,
				57FB1DEC1F973D9500472FC7 /* Frameworks */,
				57FB1DED1F973D9500472FC7 /* Resources */,
				38B9E362B3181D4FE6B1D8E2 /* [CP] Embed Pods Frameworks */,
				AE94958F1D09281E3C978612 /* [CP] Copy Pods Resources */,
			);
			buildRules = (
			);
			dependencies = (
				57FB1DF11F973D9500472FC7 /* PBXTargetDependency */,
			);
			name = Corpora360Tests;
			productName = Copora360Tests;
			productReference = 57FB1DEF1F973D9500472FC7 /* Corpora360Tests.xctest */;
			productType = "com.apple.product-type.bundle.unit-test";
		};
/* End PBXNativeTarget section */

/* Begin PBXProject section */
		57FB1DD31F973D9500472FC7 /* Project object */ = {
			isa = PBXProject;
			attributes = {
				LastSwiftUpdateCheck = 0900;
				LastUpgradeCheck = 0900;
				ORGANIZATIONNAME = "Raul Pedraza";
				TargetAttributes = {
					57FB1DDA1F973D9500472FC7 = {
						CreatedOnToolsVersion = 9.0;
						ProvisioningStyle = Automatic;
					};
					57FB1DEE1F973D9500472FC7 = {
						CreatedOnToolsVersion = 9.0;
						ProvisioningStyle = Automatic;
						TestTargetID = 57FB1DDA1F973D9500472FC7;
					};
				};
			};
			buildConfigurationList = 57FB1DD61F973D9500472FC7 /* Build configuration list for PBXProject "Corpora360" */;
			compatibilityVersion = "Xcode 8.0";
			developmentRegion = en;
			hasScannedForEncodings = 0;
			knownRegions = (
				en,
				Base,
			);
			mainGroup = 57FB1DD21F973D9500472FC7;
			productRefGroup = 57FB1DDC1F973D9500472FC7 /* Products */;
			projectDirPath = "";
			projectRoot = "";
			targets = (
				57FB1DDA1F973D9500472FC7 /* Corpora360 */,
				57FB1DEE1F973D9500472FC7 /* Corpora360Tests */,
			);
		};
/* End PBXProject section */

/* Begin PBXResourcesBuildPhase section */
		57FB1DD91F973D9500472FC7 /* Resources */ = {
			isa = PBXResourcesBuildPhase;
			buildActionMask = 2147483647;
			files = (
				57FB1DE91F973D9500472FC7 /* LaunchScreen.storyboard in Resources */,
				57FB1DE61F973D9500472FC7 /* Assets.xcassets in Resources */,
				57FB1DE41F973D9500472FC7 /* Main.storyboard in Resources */,
			);
			runOnlyForDeploymentPostprocessing = 0;
		};
		57FB1DED1F973D9500472FC7 /* Resources */ = {
			isa = PBXResourcesBuildPhase;
			buildActionMask = 2147483647;
			files = (
			);
			runOnlyForDeploymentPostprocessing = 0;
		};
/* End PBXResourcesBuildPhase section */

/* Begin PBXShellScriptBuildPhase section */
		25D613094776BD94CF5E4C91 /* [CP] Embed Pods Frameworks */ = {
			isa = PBXShellScriptBuildPhase;
			buildActionMask = 2147483647;
			files = (
			);
			inputPaths = (
				"${SRCROOT}/Pods/Target Support Files/Pods-Copora360/Pods-Copora360-frameworks.sh",
				"${BUILT_PRODUCTS_DIR}/Alamofire/Alamofire.framework",
			);
			name = "[CP] Embed Pods Frameworks";
			outputPaths = (
				"${TARGET_BUILD_DIR}/${FRAMEWORKS_FOLDER_PATH}/Alamofire.framework",
			);
			runOnlyForDeploymentPostprocessing = 0;
			shellPath = /bin/sh;
			shellScript = "\"${SRCROOT}/Pods/Target Support Files/Pods-Copora360/Pods-Copora360-frameworks.sh\"\n";
			showEnvVarsInLog = 0;
		};
		3629172B16CC011260D58B3E /* [CP] Check Pods Manifest.lock */ = {
			isa = PBXShellScriptBuildPhase;
			buildActionMask = 2147483647;
			files = (
			);
			inputPaths = (
				"${PODS_PODFILE_DIR_PATH}/Podfile.lock",
				"${PODS_ROOT}/Manifest.lock",
			);
			name = "[CP] Check Pods Manifest.lock";
			outputPaths = (
				"$(DERIVED_FILE_DIR)/Pods-Copora360Tests-checkManifestLockResult.txt",
			);
			runOnlyForDeploymentPostprocessing = 0;
			shellPath = /bin/sh;
			shellScript = "diff \"${PODS_PODFILE_DIR_PATH}/Podfile.lock\" \"${PODS_ROOT}/Manifest.lock\" > /dev/null\nif [ $? != 0 ] ; then\n    # print error to STDERR\n    echo \"error: The sandbox is not in sync with the Podfile.lock. Run 'pod install' or update your CocoaPods installation.\" >&2\n    exit 1\nfi\n# This output is used by Xcode 'outputs' to avoid re-running this script phase.\necho \"SUCCESS\" > \"${SCRIPT_OUTPUT_FILE_0}\"\n";
			showEnvVarsInLog = 0;
		};
		38B9E362B3181D4FE6B1D8E2 /* [CP] Embed Pods Frameworks */ = {
			isa = PBXShellScriptBuildPhase;
			buildActionMask = 2147483647;
			files = (
			);
			inputPaths = (
			);
			name = "[CP] Embed Pods Frameworks";
			outputPaths = (
			);
			runOnlyForDeploymentPostprocessing = 0;
			shellPath = /bin/sh;
			shellScript = "\"${SRCROOT}/Pods/Target Support Files/Pods-Copora360Tests/Pods-Copora360Tests-frameworks.sh\"\n";
			showEnvVarsInLog = 0;
		};
		4D88E89E9C15E19BD6F6EA64 /* [CP] Copy Pods Resources */ = {
			isa = PBXShellScriptBuildPhase;
			buildActionMask = 2147483647;
			files = (
			);
			inputPaths = (
			);
			name = "[CP] Copy Pods Resources";
			outputPaths = (
			);
			runOnlyForDeploymentPostprocessing = 0;
			shellPath = /bin/sh;
			shellScript = "\"${SRCROOT}/Pods/Target Support Files/Pods-Copora360/Pods-Copora360-resources.sh\"\n";
			showEnvVarsInLog = 0;
		};
		9946DBEF258E25D923CE605B /* [CP] Check Pods Manifest.lock */ = {
			isa = PBXShellScriptBuildPhase;
			buildActionMask = 2147483647;
			files = (
			);
			inputPaths = (
				"${PODS_PODFILE_DIR_PATH}/Podfile.lock",
				"${PODS_ROOT}/Manifest.lock",
			);
			name = "[CP] Check Pods Manifest.lock";
			outputPaths = (
				"$(DERIVED_FILE_DIR)/Pods-Copora360-checkManifestLockResult.txt",
			);
			runOnlyForDeploymentPostprocessing = 0;
			shellPath = /bin/sh;
			shellScript = "diff \"${PODS_PODFILE_DIR_PATH}/Podfile.lock\" \"${PODS_ROOT}/Manifest.lock\" > /dev/null\nif [ $? != 0 ] ; then\n    # print error to STDERR\n    echo \"error: The sandbox is not in sync with the Podfile.lock. Run 'pod install' or update your CocoaPods installation.\" >&2\n    exit 1\nfi\n# This output is used by Xcode 'outputs' to avoid re-running this script phase.\necho \"SUCCESS\" > \"${SCRIPT_OUTPUT_FILE_0}\"\n";
			showEnvVarsInLog = 0;
		};
		AE94958F1D09281E3C978612 /* [CP] Copy Pods Resources */ = {
			isa = PBXShellScriptBuildPhase;
			buildActionMask = 2147483647;
			files = (
			);
			inputPaths = (
			);
			name = "[CP] Copy Pods Resources";
			outputPaths = (
			);
			runOnlyForDeploymentPostprocessing = 0;
			shellPath = /bin/sh;
			shellScript = "\"${SRCROOT}/Pods/Target Support Files/Pods-Copora360Tests/Pods-Copora360Tests-resources.sh\"\n";
			showEnvVarsInLog = 0;
		};
/* End PBXShellScriptBuildPhase section */

/* Begin PBXSourcesBuildPhase section */
		57FB1DD71F973D9500472FC7 /* Sources */ = {
			isa = PBXSourcesBuildPhase;
			buildActionMask = 2147483647;
			files = (
				57FB1E071F97463500472FC7 /* SearchNewsModels.swift in Sources */,
				57FB1E0E1F97467E00472FC7 /* SearchNewsViewController.swift in Sources */,
				57FB1E0A1F97463500472FC7 /* SearchNewsRouter.swift in Sources */,
				57FB1DDF1F973D9500472FC7 /* AppDelegate.swift in Sources */,
				57FB1E081F97463500472FC7 /* SearchNewsPresenter.swift in Sources */,
				57FB1E061F97463500472FC7 /* SearchNewsInteractorProtocol.swift in Sources */,
				57FB1E051F97463500472FC7 /* SearchNewsInteractor.swift in Sources */,
				57FB1E101F97468A00472FC7 /* SearchNewsViewProtocol.swift in Sources */,
				57FB1E091F97463500472FC7 /* SearchNewsPresenterProtocol.swift in Sources */,
				57FB1E0B1F97463500472FC7 /* SearchNewsRouterProtocol.swift in Sources */,
			);
			runOnlyForDeploymentPostprocessing = 0;
		};
		57FB1DEB1F973D9500472FC7 /* Sources */ = {
			isa = PBXSourcesBuildPhase;
			buildActionMask = 2147483647;
			files = (
				57FB1DF41F973D9500472FC7 /* Copora360Tests.swift in Sources */,
			);
			runOnlyForDeploymentPostprocessing = 0;
		};
/* End PBXSourcesBuildPhase section */

/* Begin PBXTargetDependency section */
		57FB1DF11F973D9500472FC7 /* PBXTargetDependency */ = {
			isa = PBXTargetDependency;
			target = 57FB1DDA1F973D9500472FC7 /* Corpora360 */;
			targetProxy = 57FB1DF01F973D9500472FC7 /* PBXContainerItemProxy */;
		};
/* End PBXTargetDependency section */

/* Begin PBXVariantGroup section */
		57FB1DE21F973D9500472FC7 /* Main.storyboard */ = {
			isa = PBXVariantGroup;
			children = (
				57FB1DE31F973D9500472FC7 /* Base */,
			);
			name = Main.storyboard;
			sourceTree = "<group>";
		};
		57FB1DE71F973D9500472FC7 /* LaunchScreen.storyboard */ = {
			isa = PBXVariantGroup;
			children = (
				57FB1DE81F973D9500472FC7 /* Base */,
			);
			name = LaunchScreen.storyboard;
			sourceTree = "<group>";
		};
/* End PBXVariantGroup section */

/* Begin XCBuildConfiguration section */
		57FB1DF61F973D9500472FC7 /* Debug */ = {
			isa = XCBuildConfiguration;
			buildSettings = {
				ALWAYS_SEARCH_USER_PATHS = NO;
				CLANG_ANALYZER_NONNULL = YES;
				CLANG_ANALYZER_NUMBER_OBJECT_CONVERSION = YES_AGGRESSIVE;
				CLANG_CXX_LANGUAGE_STANDARD = "gnu++14";
				CLANG_CXX_LIBRARY = "libc++";
				CLANG_ENABLE_MODULES = YES;
				CLANG_ENABLE_OBJC_ARC = YES;
				CLANG_WARN_BLOCK_CAPTURE_AUTORELEASING = YES;
				CLANG_WARN_BOOL_CONVERSION = YES;
				CLANG_WARN_COMMA = YES;
				CLANG_WARN_CONSTANT_CONVERSION = YES;
				CLANG_WARN_DIRECT_OBJC_ISA_USAGE = YES_ERROR;
				CLANG_WARN_DOCUMENTATION_COMMENTS = YES;
				CLANG_WARN_EMPTY_BODY = YES;
				CLANG_WARN_ENUM_CONVERSION = YES;
				CLANG_WARN_INFINITE_RECURSION = YES;
				CLANG_WARN_INT_CONVERSION = YES;
				CLANG_WARN_NON_LITERAL_NULL_CONVERSION = YES;
				CLANG_WARN_OBJC_LITERAL_CONVERSION = YES;
				CLANG_WARN_OBJC_ROOT_CLASS = YES_ERROR;
				CLANG_WARN_RANGE_LOOP_ANALYSIS = YES;
				CLANG_WARN_STRICT_PROTOTYPES = YES;
				CLANG_WARN_SUSPICIOUS_MOVE = YES;
				CLANG_WARN_UNGUARDED_AVAILABILITY = YES_AGGRESSIVE;
				CLANG_WARN_UNREACHABLE_CODE = YES;
				CLANG_WARN__DUPLICATE_METHOD_MATCH = YES;
				CODE_SIGN_IDENTITY = "iPhone Developer";
				COPY_PHASE_STRIP = NO;
				DEBUG_INFORMATION_FORMAT = dwarf;
				ENABLE_STRICT_OBJC_MSGSEND = YES;
				ENABLE_TESTABILITY = YES;
				GCC_C_LANGUAGE_STANDARD = gnu11;
				GCC_DYNAMIC_NO_PIC = NO;
				GCC_NO_COMMON_BLOCKS = YES;
				GCC_OPTIMIZATION_LEVEL = 0;
				GCC_PREPROCESSOR_DEFINITIONS = (
					"DEBUG=1",
					"$(inherited)",
				);
				GCC_WARN_64_TO_32_BIT_CONVERSION = YES;
				GCC_WARN_ABOUT_RETURN_TYPE = YES_ERROR;
				GCC_WARN_UNDECLARED_SELECTOR = YES;
				GCC_WARN_UNINITIALIZED_AUTOS = YES_AGGRESSIVE;
				GCC_WARN_UNUSED_FUNCTION = YES;
				GCC_WARN_UNUSED_VARIABLE = YES;
				IPHONEOS_DEPLOYMENT_TARGET = 11.0;
				MTL_ENABLE_DEBUG_INFO = YES;
				ONLY_ACTIVE_ARCH = YES;
				SDKROOT = iphoneos;
				SWIFT_ACTIVE_COMPILATION_CONDITIONS = DEBUG;
				SWIFT_OPTIMIZATION_LEVEL = "-Onone";
			};
			name = Debug;
		};
		57FB1DF71F973D9500472FC7 /* Release */ = {
			isa = XCBuildConfiguration;
			buildSettings = {
				ALWAYS_SEARCH_USER_PATHS = NO;
				CLANG_ANALYZER_NONNULL = YES;
				CLANG_ANALYZER_NUMBER_OBJECT_CONVERSION = YES_AGGRESSIVE;
				CLANG_CXX_LANGUAGE_STANDARD = "gnu++14";
				CLANG_CXX_LIBRARY = "libc++";
				CLANG_ENABLE_MODULES = YES;
				CLANG_ENABLE_OBJC_ARC = YES;
				CLANG_WARN_BLOCK_CAPTURE_AUTORELEASING = YES;
				CLANG_WARN_BOOL_CONVERSION = YES;
				CLANG_WARN_COMMA = YES;
				CLANG_WARN_CONSTANT_CONVERSION = YES;
				CLANG_WARN_DIRECT_OBJC_ISA_USAGE = YES_ERROR;
				CLANG_WARN_DOCUMENTATION_COMMENTS = YES;
				CLANG_WARN_EMPTY_BODY = YES;
				CLANG_WARN_ENUM_CONVERSION = YES;
				CLANG_WARN_INFINITE_RECURSION = YES;
				CLANG_WARN_INT_CONVERSION = YES;
				CLANG_WARN_NON_LITERAL_NULL_CONVERSION = YES;
				CLANG_WARN_OBJC_LITERAL_CONVERSION = YES;
				CLANG_WARN_OBJC_ROOT_CLASS = YES_ERROR;
				CLANG_WARN_RANGE_LOOP_ANALYSIS = YES;
				CLANG_WARN_STRICT_PROTOTYPES = YES;
				CLANG_WARN_SUSPICIOUS_MOVE = YES;
				CLANG_WARN_UNGUARDED_AVAILABILITY = YES_AGGRESSIVE;
				CLANG_WARN_UNREACHABLE_CODE = YES;
				CLANG_WARN__DUPLICATE_METHOD_MATCH = YES;
				CODE_SIGN_IDENTITY = "iPhone Developer";
				COPY_PHASE_STRIP = NO;
				DEBUG_INFORMATION_FORMAT = "dwarf-with-dsym";
				ENABLE_NS_ASSERTIONS = NO;
				ENABLE_STRICT_OBJC_MSGSEND = YES;
				GCC_C_LANGUAGE_STANDARD = gnu11;
				GCC_NO_COMMON_BLOCKS = YES;
				GCC_WARN_64_TO_32_BIT_CONVERSION = YES;
				GCC_WARN_ABOUT_RETURN_TYPE = YES_ERROR;
				GCC_WARN_UNDECLARED_SELECTOR = YES;
				GCC_WARN_UNINITIALIZED_AUTOS = YES_AGGRESSIVE;
				GCC_WARN_UNUSED_FUNCTION = YES;
				GCC_WARN_UNUSED_VARIABLE = YES;
				IPHONEOS_DEPLOYMENT_TARGET = 11.0;
				MTL_ENABLE_DEBUG_INFO = NO;
				SDKROOT = iphoneos;
				SWIFT_OPTIMIZATION_LEVEL = "-Owholemodule";
				VALIDATE_PRODUCT = YES;
			};
			name = Release;
		};
		57FB1DF91F973D9500472FC7 /* Debug */ = {
			isa = XCBuildConfiguration;
			baseConfigurationReference = E4DE23351B082343A3AE7A4C /* Pods-Copora360.debug.xcconfig */;
			buildSettings = {
				ASSETCATALOG_COMPILER_APPICON_NAME = AppIcon;
				CODE_SIGN_STYLE = Automatic;
				INFOPLIST_FILE = Copora360/Info.plist;
				LD_RUNPATH_SEARCH_PATHS = "$(inherited) @executable_path/Frameworks";
				PRODUCT_BUNDLE_IDENTIFIER = RaulPedrazaLeon.Copora360;
				PRODUCT_NAME = "$(TARGET_NAME)";
				SWIFT_VERSION = 4.0;
				TARGETED_DEVICE_FAMILY = "1,2";
			};
			name = Debug;
		};
		57FB1DFA1F973D9500472FC7 /* Release */ = {
			isa = XCBuildConfiguration;
			baseConfigurationReference = E68D9D97C253F2B6E2EFE982 /* Pods-Copora360.release.xcconfig */;
			buildSettings = {
				ASSETCATALOG_COMPILER_APPICON_NAME = AppIcon;
				CODE_SIGN_STYLE = Automatic;
				INFOPLIST_FILE = Copora360/Info.plist;
				LD_RUNPATH_SEARCH_PATHS = "$(inherited) @executable_path/Frameworks";
				PRODUCT_BUNDLE_IDENTIFIER = RaulPedrazaLeon.Copora360;
				PRODUCT_NAME = "$(TARGET_NAME)";
				SWIFT_VERSION = 4.0;
				TARGETED_DEVICE_FAMILY = "1,2";
			};
			name = Release;
		};
		57FB1DFC1F973D9500472FC7 /* Debug */ = {
			isa = XCBuildConfiguration;
			baseConfigurationReference = 0A7366027C395A1A9FC0C1CB /* Pods-Copora360Tests.debug.xcconfig */;
			buildSettings = {
				ALWAYS_EMBED_SWIFT_STANDARD_LIBRARIES = YES;
				BUNDLE_LOADER = "$(TEST_HOST)";
				CODE_SIGN_STYLE = Automatic;
				INFOPLIST_FILE = Copora360Tests/Info.plist;
				LD_RUNPATH_SEARCH_PATHS = "$(inherited) @executable_path/Frameworks @loader_path/Frameworks";
				PRODUCT_BUNDLE_IDENTIFIER = RaulPedrazaLeon.Copora360Tests;
				PRODUCT_NAME = "$(TARGET_NAME)";
				SWIFT_VERSION = 4.0;
				TARGETED_DEVICE_FAMILY = "1,2";
				TEST_HOST = "$(BUILT_PRODUCTS_DIR)/Corpora360.app/Corpora360";
			};
			name = Debug;
		};
		57FB1DFD1F973D9500472FC7 /* Release */ = {
			isa = XCBuildConfiguration;
			baseConfigurationReference = FD9939C7EB611BAC48B718F5 /* Pods-Copora360Tests.release.xcconfig */;
			buildSettings = {
				ALWAYS_EMBED_SWIFT_STANDARD_LIBRARIES = YES;
				BUNDLE_LOADER = "$(TEST_HOST)";
				CODE_SIGN_STYLE = Automatic;
				INFOPLIST_FILE = Copora360Tests/Info.plist;
				LD_RUNPATH_SEARCH_PATHS = "$(inherited) @executable_path/Frameworks @loader_path/Frameworks";
				PRODUCT_BUNDLE_IDENTIFIER = RaulPedrazaLeon.Copora360Tests;
				PRODUCT_NAME = "$(TARGET_NAME)";
				SWIFT_VERSION = 4.0;
				TARGETED_DEVICE_FAMILY = "1,2";
				TEST_HOST = "$(BUILT_PRODUCTS_DIR)/Corpora360.app/Corpora360";
			};
			name = Release;
		};
/* End XCBuildConfiguration section */

/* Begin XCConfigurationList section */
		57FB1DD61F973D9500472FC7 /* Build configuration list for PBXProject "Corpora360" */ = {
			isa = XCConfigurationList;
			buildConfigurations = (
				57FB1DF61F973D9500472FC7 /* Debug */,
				57FB1DF71F973D9500472FC7 /* Release */,
			);
			defaultConfigurationIsVisible = 0;
			defaultConfigurationName = Release;
		};
		57FB1DF81F973D9500472FC7 /* Build configuration list for PBXNativeTarget "Corpora360" */ = {
			isa = XCConfigurationList;
			buildConfigurations = (
				57FB1DF91F973D9500472FC7 /* Debug */,
				57FB1DFA1F973D9500472FC7 /* Release */,
			);
			defaultConfigurationIsVisible = 0;
			defaultConfigurationName = Release;
		};
		57FB1DFB1F973D9500472FC7 /* Build configuration list for PBXNativeTarget "Corpora360Tests" */ = {
			isa = XCConfigurationList;
			buildConfigurations = (
				57FB1DFC1F973D9500472FC7 /* Debug */,
				57FB1DFD1F973D9500472FC7 /* Release */,
			);
			defaultConfigurationIsVisible = 0;
			defaultConfigurationName = Release;
		};
/* End XCConfigurationList section */
	};
	rootObject = 57FB1DD31F973D9500472FC7 /* Project object */;
}
